
Microsoft Visual Studio Solution File, Format Version 12.00
# Visual Studio Version 17
VisualStudioVersion = 17.1.32407.343
MinimumVisualStudioVersion = 10.0.40219.1
Project("{F184B08F-C81C-45F6-A57F-5ABD9991F28F}") = "Curso_NET", "Curso_NET.vbproj", "{D5D5AE85-F76A-4D62-9CC1-798BF58212CF}"
EndProject
Global
	GlobalSection(SolutionConfigurationPlatforms) = preSolution
		Debug|Any CPU = Debug|Any CPU
		Release|Any CPU = Release|Any CPU
	EndGlobalSection
	GlobalSection(ProjectConfigurationPlatforms) = postSolution
		{D5D5AE85-F76A-4D62-9CC1-798BF58212CF}.Debug|Any CPU.ActiveCfg = Debug|Any CPU
		{D5D5AE85-F76A-4D62-9CC1-798BF58212CF}.Debug|Any CPU.Build.0 = Debug|Any CPU
		{D5D5AE85-F76A-4D62-9CC1-798BF58212CF}.Release|Any CPU.ActiveCfg = Release|Any CPU
		{D5D5AE85-F76A-4D62-9CC1-798BF58212CF}.Release|Any CPU.Build.0 = Release|Any CPU
	EndGlobalSection
	GlobalSection(SolutionProperties) = preSolution
		HideSolutionNode = FALSE
	EndGlobalSection
	GlobalSection(ExtensibilityGlobals) = postSolution
		SolutionGuid = {0A612C92-7C43-488C-8EC8-2D18EA9705CB}
	EndGlobalSection
EndGlobal
