
Microsoft Visual Studio Solution File, Format Version 12.00
# Visual Studio Version 17
VisualStudioVersion = 17.2.32516.85
MinimumVisualStudioVersion = 10.0.40219.1
Project("{FAE04EC0-301F-11D3-BF4B-00C04F79EFBC}") = "App_Curso_CSharp", "App_Curso_CSharp.csproj", "{68D83141-355F-4015-9204-3D9011D40DBD}"
EndProject
Global
	GlobalSection(SolutionConfigurationPlatforms) = preSolution
		Debug|Any CPU = Debug|Any CPU
		Release|Any CPU = Release|Any CPU
	EndGlobalSection
	GlobalSection(ProjectConfigurationPlatforms) = postSolution
		{68D83141-355F-4015-9204-3D9011D40DBD}.Debug|Any CPU.ActiveCfg = Debug|Any CPU
		{68D83141-355F-4015-9204-3D9011D40DBD}.Debug|Any CPU.Build.0 = Debug|Any CPU
		{68D83141-355F-4015-9204-3D9011D40DBD}.Release|Any CPU.ActiveCfg = Release|Any CPU
		{68D83141-355F-4015-9204-3D9011D40DBD}.Release|Any CPU.Build.0 = Release|Any CPU
	EndGlobalSection
	GlobalSection(SolutionProperties) = preSolution
		HideSolutionNode = FALSE
	EndGlobalSection
	GlobalSection(ExtensibilityGlobals) = postSolution
		SolutionGuid = {C4872824-FB89-420C-BE39-D4E8ABE1A7AB}
	EndGlobalSection
EndGlobal
